# This file was autogenerated by Stack.
# You should not edit this file by hand.
# For more information, please see the documentation at:
#   https://docs.haskellstack.org/en/stable/lock_files

packages:
- completed:
    hackage: dates-0.2.2.2@sha256:1cb518b4c33c44c77b24362710b633dfcc41ca61346eaad76b01670b45d1a3e6,2062
    pantry-tree:
      size: 389
      sha256: dd040afb44915ad11a640d34b004e152391663dae68cb458c147062da99f2cc5
  original:
    hackage: dates-0.2.2.2
- completed:
    hackage: cabal-helper-0.7.3.0@sha256:1ec0e453ac2b600db0767b99546f963f50436186f55f7794cef81f803a2c1b4a,6654
    pantry-tree:
      size: 946
      sha256: de7f3a8165e3fcfd519a7b16b2908982573442b0b06a0953f2a467f85e3f6137
  original:
    hackage: cabal-helper-0.7.3.0
- completed:
    hackage: djinn-ghc-0.0.2.3@sha256:0daf55cd1842fe05ca9e1a3dbe868a847a60060066c58420a26cc8662e881efa,816
    pantry-tree:
      size: 209
      sha256: 9dab1f1e2efc437a5c53e18b0b9c94b2407c5fbf4015754aa3fa72f21cd4f497
  original:
    hackage: djinn-ghc-0.0.2.3
- completed:
    hackage: ghc-syb-utils-0.2.3.3@sha256:fc4cd944bbd4d5160b2ee8bb458974a135c0abbd9941fb6e5f9180164efd091a,1302
    pantry-tree:
      size: 345
      sha256: 7196851c1114be35c275332b9d23856e396581dd0fd8491d9ef74c57809e983f
  original:
    hackage: ghc-syb-utils-0.2.3.3
- completed:
    hackage: djinn-lib-0.0.1.3@sha256:73d19e501c86b46da0141daccf2d54c1121b67a840a64420a9ad5f1e86c1e47f,979
    pantry-tree:
      size: 396
      sha256: be11025597ff8f4c23911ef519600de29acf9c2cbb5f721f55271a600c99225e
  original:
    hackage: djinn-lib-0.0.1.3
- completed:
    hackage: rio-0.1.10.0@sha256:4b681c90c1ec3db7e0f4dfa8c5a55581de2997ba71df332a1ad87265adcecadf,3635
    pantry-tree:
      size: 4747
      sha256: 6f37903a10ab3ecd0da94f1130ec6f6dbcc5f84c4e468da29329510f6149d75e
  original:
    hackage: rio-0.1.10.0
- completed:
    hackage: yesod-core-1.6.14@sha256:2a35ba4c8f042f8b09728f706b055c562cad655a84e78e46f9d51fa82b9275ca,7880
    pantry-tree:
      size: 4939
      sha256: 5a6bab19c75a510e390b9744b0f516e2e9f6a134409db44e321e08a2c78d3a0f
  original:
    hackage: yesod-core-1.6.14
- completed:
    hackage: yesod-auth-oauth2-0.6.1.1@sha256:3b6505a8ee70916d4574b454978786e8df03bfbc234fbd5fd9e3e14e01d04bec,2891
    pantry-tree:
      size: 1763
      sha256: 29f0809031adf71264101a7d17631897949a975e8b8c6c919cb9b0b022c75586
  original:
    hackage: yesod-auth-oauth2-0.6.1.1
- completed:
    hackage: typed-process-0.2.6.0@sha256:c901c13d491441830eb23132ad6968243a56b98161629d260a26c0b13c735fcd,2136
    pantry-tree:
      size: 529
      sha256: 2ef79f15f1f391e49dc522076f6d1584c7b305bf2aaa0dfec4dc0d4b61f31111
  original:
    hackage: typed-process-0.2.6.0
- completed:
    hackage: effect-handlers-0.1.0.8@sha256:26548e7e8151265c74103b0bcae7976c8abe082740aeeb8df4dacfa16011ee6e,3992
    pantry-tree:
      size: 1037
      sha256: 91162d0c2047cfdbc908555ffc8cb0675819e1e9e3f7ad6f5e283b20a17456bb
  original:
    hackage: effect-handlers-0.1.0.8
- completed:
    hackage: extensible-effects-5.0.0.1@sha256:2ed0bee04c8bf334358147da6d92ff31e9fbbefceb75ef3e408a0d858aec0cc6,9013
    pantry-tree:
      size: 3306
      sha256: 4c520f1ccb76ed1d304cb5967e6679e31c907d3c0ba5d7e4a459e827b9a08173
  original:
    hackage: extensible-effects-5.0.0.1
- completed:
    hackage: intero-0.1.40@sha256:341c4559929723045a418f5da3ce448557916b156a32b6fb35f6ade3800321d9,1879
    pantry-tree:
      size: 1131
      sha256: 4ee3552ce0f90c8f909dcc7f947caad90fbdfc01b990b8b6ef62154f465d3d84
  original:
    hackage: intero-0.1.40
- completed:
    hackage: fltkhs-0.8.0.2@sha256:9b253dcf27081a029e677f50c0b1036a8455ff56fd01ae9fa585b4a8e9bb93e6,14196
    pantry-tree:
      size: 35008
      sha256: 86c7f65ce86f67089801bed53fa79a55ffe6f584a578bd17baff56de78f85c62
  original:
    hackage: fltkhs-0.8.0.2
snapshots:
- completed:
    size: 500539
    url: https://raw.githubusercontent.com/commercialhaskell/stackage-snapshots/master/lts/13/27.yaml
    sha256: 690db832392afe55733b4c7023fd29b1b1c660ee42f1fb505b86b07394ca994e
  original: lts-13.27
